
Microsoft Visual Studio Solution File, Format Version 12.00
# Visual Studio Version 17
VisualStudioVersion = 17.12.35506.116
MinimumVisualStudioVersion = 10.0.40219.1
Project("{FAE04EC0-301F-11D3-BF4B-00C04F79EFBC}") = "HelloWorld", "HelloWorld\HelloWorld.csproj", "{D7D78876-4456-4242-BFEB-A9F96D51FBFC}"
EndProject
Project("{2150E333-8FDC-42A3-9474-1A3956D46DE8}") = "Solution Items", "Solution Items", "{853A82F9-5812-4E9E-8451-A8563BAD772B}"
	ProjectSection(SolutionItems) = preProject
		nuget.config = nuget.config
	EndProjectSection
EndProject
Project("{FAE04EC0-301F-11D3-BF4B-00C04F79EFBC}") = "Library", "Library\Library.csproj", "{501A324E-93B9-4888-8987-5861E7491583}"
EndProject
Global
	GlobalSection(SolutionConfigurationPlatforms) = preSolution
		Debug|Any CPU = Debug|Any CPU
		Release|Any CPU = Release|Any CPU
	EndGlobalSection
	GlobalSection(ProjectConfigurationPlatforms) = postSolution
		{D7D78876-4456-4242-BFEB-A9F96D51FBFC}.Debug|Any CPU.ActiveCfg = Debug|Any CPU
		{D7D78876-4456-4242-BFEB-A9F96D51FBFC}.Debug|Any CPU.Build.0 = Debug|Any CPU
		{D7D78876-4456-4242-BFEB-A9F96D51FBFC}.Release|Any CPU.ActiveCfg = Release|Any CPU
		{D7D78876-4456-4242-BFEB-A9F96D51FBFC}.Release|Any CPU.Build.0 = Release|Any CPU
		{501A324E-93B9-4888-8987-5861E7491583}.Debug|Any CPU.ActiveCfg = Debug|Any CPU
		{501A324E-93B9-4888-8987-5861E7491583}.Debug|Any CPU.Build.0 = Debug|Any CPU
		{501A324E-93B9-4888-8987-5861E7491583}.Release|Any CPU.ActiveCfg = Release|Any CPU
		{501A324E-93B9-4888-8987-5861E7491583}.Release|Any CPU.Build.0 = Release|Any CPU
	EndGlobalSection
	GlobalSection(SolutionProperties) = preSolution
		HideSolutionNode = FALSE
	EndGlobalSection
EndGlobal
